// !$*UTF8*$!
{
	archiveVersion = 1;
	classes = {
	};
	objectVersion = 46;
	objects = {

/* Begin PBXBuildFile section */
		018A4C6451214E719FBAF129 /* libz.tbd in Frameworks */ = {isa = PBXBuildFile; fileRef = A9AB561D58924018A752E5C0 /* libz.tbd */; };
		0207DA581B56EA530066E2B4 /* Images.xcassets in Resources */ = {isa = PBXBuildFile; fileRef = 0207DA571B56EA530066E2B4 /* Images.xcassets */; };
		1990DDF2A0C5456F86BF1142 /* CDVDevice.m in Sources */ = {isa = PBXBuildFile; fileRef = F9F95D55B54D4830B1A4F8C1 /* CDVDevice.m */; };
		1D3623260D0F684500981E51 /* AppDelegate.m in Sources */ = {isa = PBXBuildFile; fileRef = 1D3623250D0F684500981E51 /* AppDelegate.m */; };
		1D60589B0D05DD56006BFB54 /* main.m in Sources */ = {isa = PBXBuildFile; fileRef = 29B97316FDCFA39411CA2CEA /* main.m */; };
		301BF552109A68D80062928A /* libCordova.a in Frameworks */ = {isa = PBXBuildFile; fileRef = 301BF535109A57CC0062928A /* libCordova.a */; };
		302D95F114D2391D003F00A1 /* MainViewController.m in Sources */ = {isa = PBXBuildFile; fileRef = 302D95EF14D2391D003F00A1 /* MainViewController.m */; };
		302D95F214D2391D003F00A1 /* MainViewController.xib in Resources */ = {isa = PBXBuildFile; fileRef = 302D95F014D2391D003F00A1 /* MainViewController.xib */; };
		5EE19FB2F2C14806BD605175 /* AudioToolbox.framework in Frameworks */ = {isa = PBXBuildFile; fileRef = EE2125A3BEFD437A85BEE9CA /* AudioToolbox.framework */; settings = {ATTRIBUTES = (Weak, ); }; };
		5F45ED8819F74FBDA9B11A7C /* CDVNotification.m in Sources */ = {isa = PBXBuildFile; fileRef = 5D79972A951040CABDC3E317 /* CDVNotification.m */; };
		5F65EF875BFA45AFAFD672B7 /* CDVLogger.m in Sources */ = {isa = PBXBuildFile; fileRef = 0D77FF64E5F44757963A2D6E /* CDVLogger.m */; };
		6AFF5BF91D6E424B00AB3073 /* CDVLaunchScreen.storyboard in Resources */ = {isa = PBXBuildFile; fileRef = 6AFF5BF81D6E424B00AB3073 /* CDVLaunchScreen.storyboard */; };
		B5086506D1334134B885D0E7 /* CDVNotification.bundle in Resources */ = {isa = PBXBuildFile; fileRef = F15FA7C9486B4974BAF1265E /* CDVNotification.bundle */; };
		C45D228A1FBA7BAF0037A0EF /* View.xib in Resources */ = {isa = PBXBuildFile; fileRef = C45D22891FBA7BAF0037A0EF /* View.xib */; };
		C47AFB9F1FD6384C00BCB750 /* IJKAudioPlayerCrontroller.m in Sources */ = {isa = PBXBuildFile; fileRef = C47AFB9E1FD6384C00BCB750 /* IJKAudioPlayerCrontroller.m */; };
		C48456F61FB547BA00EC9FE7 /* IJKPlayer.m in Sources */ = {isa = PBXBuildFile; fileRef = C48456F41FB547BA00EC9FE7 /* IJKPlayer.m */; };
		C48457081FB5509B00EC9FE7 /* AVFoundation.framework in Frameworks */ = {isa = PBXBuildFile; fileRef = C48457021FB5507F00EC9FE7 /* AVFoundation.framework */; };
		C48457091FB550A000EC9FE7 /* CoreGraphics.framework in Frameworks */ = {isa = PBXBuildFile; fileRef = C48457071FB5508900EC9FE7 /* CoreGraphics.framework */; };
		C484570B1FB550D600EC9FE7 /* CoreMedia.framework in Frameworks */ = {isa = PBXBuildFile; fileRef = C484570A1FB550CF00EC9FE7 /* CoreMedia.framework */; };
		C484570D1FB550E300EC9FE7 /* CoreVideo.framework in Frameworks */ = {isa = PBXBuildFile; fileRef = C484570C1FB550E000EC9FE7 /* CoreVideo.framework */; };
		C484570F1FB550F600EC9FE7 /* libbz2.tbd in Frameworks */ = {isa = PBXBuildFile; fileRef = C484570E1FB550F600EC9FE7 /* libbz2.tbd */; };
		C48457111FB5510E00EC9FE7 /* MediaPlayer.framework in Frameworks */ = {isa = PBXBuildFile; fileRef = C48457101FB5510900EC9FE7 /* MediaPlayer.framework */; };
		C48457131FB5511E00EC9FE7 /* MobileCoreServices.framework in Frameworks */ = {isa = PBXBuildFile; fileRef = C48457121FB5511B00EC9FE7 /* MobileCoreServices.framework */; };
		C48457151FB5512A00EC9FE7 /* OpenGLES.framework in Frameworks */ = {isa = PBXBuildFile; fileRef = C48457141FB5512700EC9FE7 /* OpenGLES.framework */; };
		C48457171FB5513400EC9FE7 /* QuartzCore.framework in Frameworks */ = {isa = PBXBuildFile; fileRef = C48457161FB5513200EC9FE7 /* QuartzCore.framework */; };
		C48457191FB5513F00EC9FE7 /* UIKit.framework in Frameworks */ = {isa = PBXBuildFile; fileRef = C48457181FB5513D00EC9FE7 /* UIKit.framework */; };
		C484571B1FB5514A00EC9FE7 /* VideoToolbox.framework in Frameworks */ = {isa = PBXBuildFile; fileRef = C484571A1FB5514800EC9FE7 /* VideoToolbox.framework */; };
		C48457281FB5599D00EC9FE7 /* IJKMoviePlayerViewController.m in Sources */ = {isa = PBXBuildFile; fileRef = C48457211FB5599C00EC9FE7 /* IJKMoviePlayerViewController.m */; };
		C48457291FB5599D00EC9FE7 /* IJKMoviePlayerViewController.xib in Resources */ = {isa = PBXBuildFile; fileRef = C48457271FB5599C00EC9FE7 /* IJKMoviePlayerViewController.xib */; };
		C484574D1FB55EAE00EC9FE7 /* IJKMediaFramework.framework in Frameworks */ = {isa = PBXBuildFile; fileRef = C48456E51FB5429100EC9FE7 /* IJKMediaFramework.framework */; };
		C484574F1FB5601000EC9FE7 /* libstdc++.tbd in Frameworks */ = {isa = PBXBuildFile; fileRef = C484574E1FB5600F00EC9FE7 /* libstdc++.tbd */; };
		C48457531FB56BF200EC9FE7 /* IJKMediaControl.m in Sources */ = {isa = PBXBuildFile; fileRef = C48457511FB56BF200EC9FE7 /* IJKMediaControl.m */; };
		C48457551FB5767F00EC9FE7 /* MoviePlayerImages.xcassets in Resources */ = {isa = PBXBuildFile; fileRef = C48457541FB5767F00EC9FE7 /* MoviePlayerImages.xcassets */; };
/* End PBXBuildFile section */

/* Begin PBXContainerItemProxy section */
		301BF534109A57CC0062928A /* PBXContainerItemProxy */ = {
			isa = PBXContainerItemProxy;
			containerPortal = 301BF52D109A57CC0062928A /* CordovaLib/CordovaLib.xcodeproj */;
			proxyType = 2;
			remoteGlobalIDString = D2AAC07E0554694100DB518D;
			remoteInfo = CordovaLib;
		};
		301BF550109A68C00062928A /* PBXContainerItemProxy */ = {
			isa = PBXContainerItemProxy;
			containerPortal = 301BF52D109A57CC0062928A /* CordovaLib/CordovaLib.xcodeproj */;
			proxyType = 1;
			remoteGlobalIDString = D2AAC07D0554694100DB518D;
			remoteInfo = CordovaLib;
		};
		C48456DC1FB5413600EC9FE7 /* PBXContainerItemProxy */ = {
			isa = PBXContainerItemProxy;
			containerPortal = 301BF52D109A57CC0062928A /* CordovaLib/CordovaLib.xcodeproj */;
			proxyType = 2;
			remoteGlobalIDString = C0C01EB21E3911D50056E6CB;
			remoteInfo = Cordova;
		};
		C48456E41FB5429100EC9FE7 /* PBXContainerItemProxy */ = {
			isa = PBXContainerItemProxy;
			containerPortal = C48456DE1FB5429100EC9FE7 /* IJKMediaPlayer.xcodeproj */;
			proxyType = 2;
			remoteGlobalIDString = E654EA8A1B6B27E600B0F2D0;
			remoteInfo = IJKMediaFramework;
		};
		C48456E61FB5429100EC9FE7 /* PBXContainerItemProxy */ = {
			isa = PBXContainerItemProxy;
			containerPortal = C48456DE1FB5429100EC9FE7 /* IJKMediaPlayer.xcodeproj */;
			proxyType = 2;
			remoteGlobalIDString = 5450B0431E63EA4300568494;
			remoteInfo = IJKMediaFrameworkWithSSL;
		};
		C48456E81FB5429100EC9FE7 /* PBXContainerItemProxy */ = {
			isa = PBXContainerItemProxy;
			containerPortal = C48456DE1FB5429100EC9FE7 /* IJKMediaPlayer.xcodeproj */;
			proxyType = 2;
			remoteGlobalIDString = E654EA941B6B27E600B0F2D0;
			remoteInfo = IJKMediaFrameworkTests;
		};
		C48457471FB55EA400EC9FE7 /* PBXContainerItemProxy */ = {
			isa = PBXContainerItemProxy;
			containerPortal = C48456DE1FB5429100EC9FE7 /* IJKMediaPlayer.xcodeproj */;
			proxyType = 1;
			remoteGlobalIDString = E654EA891B6B27E600B0F2D0;
			remoteInfo = IJKMediaFramework;
		};
/* End PBXContainerItemProxy section */

/* Begin PBXFileReference section */
		0207DA571B56EA530066E2B4 /* Images.xcassets */ = {isa = PBXFileReference; lastKnownFileType = folder.assetcatalog; name = Images.xcassets; path = testproject/Images.xcassets; sourceTree = SOURCE_ROOT; };
		0D77FF64E5F44757963A2D6E /* CDVLogger.m */ = {isa = PBXFileReference; explicitFileType = undefined; fileEncoding = 4; includeInIndex = 0; lastKnownFileType = sourcecode.c.objc; name = CDVLogger.m; path = "cordova-plugin-console/CDVLogger.m"; sourceTree = "<group>"; };
		10C5E2C586D74DD98A871309 /* CDVNotification.h */ = {isa = PBXFileReference; explicitFileType = undefined; fileEncoding = 4; includeInIndex = 0; lastKnownFileType = sourcecode.c.h; name = CDVNotification.h; path = "cordova-plugin-dialogs/CDVNotification.h"; sourceTree = "<group>"; };
		1D3623240D0F684500981E51 /* AppDelegate.h */ = {isa = PBXFileReference; fileEncoding = 4; lastKnownFileType = sourcecode.c.h; path = AppDelegate.h; sourceTree = "<group>"; };
		1D3623250D0F684500981E51 /* AppDelegate.m */ = {isa = PBXFileReference; fileEncoding = 4; lastKnownFileType = sourcecode.c.objc; path = AppDelegate.m; sourceTree = "<group>"; };
		1D6058910D05DD3D006BFB54 /* testproject.app */ = {isa = PBXFileReference; explicitFileType = wrapper.application; includeInIndex = 0; path = testproject.app; sourceTree = BUILT_PRODUCTS_DIR; };
		29B97316FDCFA39411CA2CEA /* main.m */ = {isa = PBXFileReference; fileEncoding = 4; lastKnownFileType = sourcecode.c.objc; path = main.m; sourceTree = "<group>"; };
		301BF52D109A57CC0062928A /* CordovaLib/CordovaLib.xcodeproj */ = {isa = PBXFileReference; lastKnownFileType = "wrapper.pb-project"; path = CordovaLib/CordovaLib.xcodeproj; sourceTree = "<group>"; };
		301BF56E109A69640062928A /* www */ = {isa = PBXFileReference; lastKnownFileType = folder; path = www; sourceTree = SOURCE_ROOT; };
		302D95EE14D2391D003F00A1 /* MainViewController.h */ = {isa = PBXFileReference; fileEncoding = 4; lastKnownFileType = sourcecode.c.h; path = MainViewController.h; sourceTree = "<group>"; };
		302D95EF14D2391D003F00A1 /* MainViewController.m */ = {isa = PBXFileReference; fileEncoding = 4; lastKnownFileType = sourcecode.c.objc; path = MainViewController.m; sourceTree = "<group>"; };
		302D95F014D2391D003F00A1 /* MainViewController.xib */ = {isa = PBXFileReference; fileEncoding = 4; lastKnownFileType = file.xib; path = MainViewController.xib; sourceTree = "<group>"; };
		3047A50F1AB8059700498E2A /* build-debug.xcconfig */ = {isa = PBXFileReference; fileEncoding = 4; lastKnownFileType = text.xcconfig; name = "build-debug.xcconfig"; path = "cordova/build-debug.xcconfig"; sourceTree = SOURCE_ROOT; };
		3047A5101AB8059700498E2A /* build-release.xcconfig */ = {isa = PBXFileReference; fileEncoding = 4; lastKnownFileType = text.xcconfig; name = "build-release.xcconfig"; path = "cordova/build-release.xcconfig"; sourceTree = SOURCE_ROOT; };
		3047A5111AB8059700498E2A /* build.xcconfig */ = {isa = PBXFileReference; fileEncoding = 4; lastKnownFileType = text.xcconfig; name = build.xcconfig; path = cordova/build.xcconfig; sourceTree = SOURCE_ROOT; };
		32CA4F630368D1EE00C91783 /* testproject-Prefix.pch */ = {isa = PBXFileReference; fileEncoding = 4; lastKnownFileType = sourcecode.c.h; path = "testproject-Prefix.pch"; sourceTree = "<group>"; };
		5D79972A951040CABDC3E317 /* CDVNotification.m */ = {isa = PBXFileReference; explicitFileType = undefined; fileEncoding = 4; includeInIndex = 0; lastKnownFileType = sourcecode.c.objc; name = CDVNotification.m; path = "cordova-plugin-dialogs/CDVNotification.m"; sourceTree = "<group>"; };
		6AFF5BF81D6E424B00AB3073 /* CDVLaunchScreen.storyboard */ = {isa = PBXFileReference; fileEncoding = 4; lastKnownFileType = file.storyboard; name = CDVLaunchScreen.storyboard; path = testproject/CDVLaunchScreen.storyboard; sourceTree = SOURCE_ROOT; };
		8D1107310486CEB800E47090 /* testproject-Info.plist */ = {isa = PBXFileReference; fileEncoding = 4; lastKnownFileType = text.plist.xml; name = "testproject-Info.plist"; path = "testproject/testproject-Info.plist"; plistStructureDefinitionIdentifier = "com.apple.xcode.plist.structure-definition.iphone.info-plist"; sourceTree = SOURCE_ROOT; };
		8E822C2B5D6E494FACD3E962 /* CDVDevice.h */ = {isa = PBXFileReference; explicitFileType = undefined; fileEncoding = 4; includeInIndex = 0; lastKnownFileType = sourcecode.c.h; name = CDVDevice.h; path = "cordova-plugin-device/CDVDevice.h"; sourceTree = "<group>"; };
		A9AB561D58924018A752E5C0 /* libz.tbd */ = {isa = PBXFileReference; explicitFileType = undefined; fileEncoding = 9; includeInIndex = 0; lastKnownFileType = "sourcecode.text-based-dylib-definition"; name = libz.tbd; path = usr/lib/libz.tbd; sourceTree = SDKROOT; };
		B1EE010223924A75AC2F5842 /* CDVLogger.h */ = {isa = PBXFileReference; explicitFileType = undefined; fileEncoding = 4; includeInIndex = 0; lastKnownFileType = sourcecode.c.h; name = CDVLogger.h; path = "cordova-plugin-console/CDVLogger.h"; sourceTree = "<group>"; };
		C41AD3081FEA221700A0BC9F /* IJKPlayer.h */ = {isa = PBXFileReference; fileEncoding = 4; lastKnownFileType = sourcecode.c.h; path = IJKPlayer.h; sourceTree = "<group>"; };
		C45D22891FBA7BAF0037A0EF /* View.xib */ = {isa = PBXFileReference; lastKnownFileType = file.xib; path = View.xib; sourceTree = "<group>"; };
		C47AFB9E1FD6384C00BCB750 /* IJKAudioPlayerCrontroller.m */ = {isa = PBXFileReference; lastKnownFileType = sourcecode.c.objc; path = IJKAudioPlayerCrontroller.m; sourceTree = "<group>"; };
		C47AFBA31FD6386700BCB750 /* IJKAudioPlayerController.h */ = {isa = PBXFileReference; lastKnownFileType = sourcecode.c.h; path = IJKAudioPlayerController.h; sourceTree = "<group>"; };
		C48456DE1FB5429100EC9FE7 /* IJKMediaPlayer.xcodeproj */ = {isa = PBXFileReference; lastKnownFileType = "wrapper.pb-project"; name = IJKMediaPlayer.xcodeproj; path = ../../../ijkplayer/ios/IJKMediaPlayer/IJKMediaPlayer.xcodeproj; sourceTree = "<group>"; };
		C48456F41FB547BA00EC9FE7 /* IJKPlayer.m */ = {isa = PBXFileReference; fileEncoding = 4; lastKnownFileType = sourcecode.c.objc; path = IJKPlayer.m; sourceTree = "<group>"; };
		C48457021FB5507F00EC9FE7 /* AVFoundation.framework */ = {isa = PBXFileReference; lastKnownFileType = wrapper.framework; name = AVFoundation.framework; path = System/Library/Frameworks/AVFoundation.framework; sourceTree = SDKROOT; };
		C48457071FB5508900EC9FE7 /* CoreGraphics.framework */ = {isa = PBXFileReference; lastKnownFileType = wrapper.framework; name = CoreGraphics.framework; path = System/Library/Frameworks/CoreGraphics.framework; sourceTree = SDKROOT; };
		C484570A1FB550CF00EC9FE7 /* CoreMedia.framework */ = {isa = PBXFileReference; lastKnownFileType = wrapper.framework; name = CoreMedia.framework; path = System/Library/Frameworks/CoreMedia.framework; sourceTree = SDKROOT; };
		C484570C1FB550E000EC9FE7 /* CoreVideo.framework */ = {isa = PBXFileReference; lastKnownFileType = wrapper.framework; name = CoreVideo.framework; path = System/Library/Frameworks/CoreVideo.framework; sourceTree = SDKROOT; };
		C484570E1FB550F600EC9FE7 /* libbz2.tbd */ = {isa = PBXFileReference; lastKnownFileType = "sourcecode.text-based-dylib-definition"; name = libbz2.tbd; path = usr/lib/libbz2.tbd; sourceTree = SDKROOT; };
		C48457101FB5510900EC9FE7 /* MediaPlayer.framework */ = {isa = PBXFileReference; lastKnownFileType = wrapper.framework; name = MediaPlayer.framework; path = System/Library/Frameworks/MediaPlayer.framework; sourceTree = SDKROOT; };
		C48457121FB5511B00EC9FE7 /* MobileCoreServices.framework */ = {isa = PBXFileReference; lastKnownFileType = wrapper.framework; name = MobileCoreServices.framework; path = System/Library/Frameworks/MobileCoreServices.framework; sourceTree = SDKROOT; };
		C48457141FB5512700EC9FE7 /* OpenGLES.framework */ = {isa = PBXFileReference; lastKnownFileType = wrapper.framework; name = OpenGLES.framework; path = System/Library/Frameworks/OpenGLES.framework; sourceTree = SDKROOT; };
		C48457161FB5513200EC9FE7 /* QuartzCore.framework */ = {isa = PBXFileReference; lastKnownFileType = wrapper.framework; name = QuartzCore.framework; path = System/Library/Frameworks/QuartzCore.framework; sourceTree = SDKROOT; };
		C48457181FB5513D00EC9FE7 /* UIKit.framework */ = {isa = PBXFileReference; lastKnownFileType = wrapper.framework; name = UIKit.framework; path = System/Library/Frameworks/UIKit.framework; sourceTree = SDKROOT; };
		C484571A1FB5514800EC9FE7 /* VideoToolbox.framework */ = {isa = PBXFileReference; lastKnownFileType = wrapper.framework; name = VideoToolbox.framework; path = System/Library/Frameworks/VideoToolbox.framework; sourceTree = SDKROOT; };
		C48457211FB5599C00EC9FE7 /* IJKMoviePlayerViewController.m */ = {isa = PBXFileReference; fileEncoding = 4; lastKnownFileType = sourcecode.c.objc; path = IJKMoviePlayerViewController.m; sourceTree = "<group>"; };
		C48457261FB5599C00EC9FE7 /* IJKMoviePlayerViewController.h */ = {isa = PBXFileReference; fileEncoding = 4; lastKnownFileType = sourcecode.c.h; path = IJKMoviePlayerViewController.h; sourceTree = "<group>"; };
		C48457271FB5599C00EC9FE7 /* IJKMoviePlayerViewController.xib */ = {isa = PBXFileReference; fileEncoding = 4; lastKnownFileType = file.xib; path = IJKMoviePlayerViewController.xib; sourceTree = "<group>"; };
		C484574E1FB5600F00EC9FE7 /* libstdc++.tbd */ = {isa = PBXFileReference; lastKnownFileType = "sourcecode.text-based-dylib-definition"; name = "libstdc++.tbd"; path = "usr/lib/libstdc++.tbd"; sourceTree = SDKROOT; };
		C48457511FB56BF200EC9FE7 /* IJKMediaControl.m */ = {isa = PBXFileReference; fileEncoding = 4; lastKnownFileType = sourcecode.c.objc; path = IJKMediaControl.m; sourceTree = "<group>"; };
		C48457521FB56BF200EC9FE7 /* IJKMediaControl.h */ = {isa = PBXFileReference; fileEncoding = 4; lastKnownFileType = sourcecode.c.h; path = IJKMediaControl.h; sourceTree = "<group>"; };
		C48457541FB5767F00EC9FE7 /* MoviePlayerImages.xcassets */ = {isa = PBXFileReference; lastKnownFileType = folder.assetcatalog; path = MoviePlayerImages.xcassets; sourceTree = "<group>"; };
		EB87FDF31871DA8E0020F90C /* www */ = {isa = PBXFileReference; lastKnownFileType = folder; name = www; path = ../../www; sourceTree = "<group>"; };
		EB87FDF41871DAF40020F90C /* config.xml */ = {isa = PBXFileReference; lastKnownFileType = text.xml; name = config.xml; path = ../../config.xml; sourceTree = "<group>"; };
		ED33DF2A687741AEAF9F8254 /* Bridging-Header.h */ = {isa = PBXFileReference; fileEncoding = 4; lastKnownFileType = sourcecode.c.h; path = "Bridging-Header.h"; sourceTree = "<group>"; };
		EE2125A3BEFD437A85BEE9CA /* AudioToolbox.framework */ = {isa = PBXFileReference; explicitFileType = undefined; fileEncoding = 9; includeInIndex = 0; lastKnownFileType = wrapper.framework; name = AudioToolbox.framework; path = System/Library/Frameworks/AudioToolbox.framework; sourceTree = SDKROOT; };
		F15FA7C9486B4974BAF1265E /* CDVNotification.bundle */ = {isa = PBXFileReference; explicitFileType = undefined; fileEncoding = 9; includeInIndex = 0; lastKnownFileType = "wrapper.plug-in"; path = CDVNotification.bundle; sourceTree = "<group>"; };
		F840E1F0165FE0F500CFE078 /* config.xml */ = {isa = PBXFileReference; lastKnownFileType = text.xml; name = config.xml; path = testproject/config.xml; sourceTree = "<group>"; };
		F9F95D55B54D4830B1A4F8C1 /* CDVDevice.m */ = {isa = PBXFileReference; explicitFileType = undefined; fileEncoding = 4; includeInIndex = 0; lastKnownFileType = sourcecode.c.objc; name = CDVDevice.m; path = "cordova-plugin-device/CDVDevice.m"; sourceTree = "<group>"; };
/* End PBXFileReference section */

/* Begin PBXFrameworksBuildPhase section */
		1D60588F0D05DD3D006BFB54 /* Frameworks */ = {
			isa = PBXFrameworksBuildPhase;
			buildActionMask = 2147483647;
			files = (
				C484574F1FB5601000EC9FE7 /* libstdc++.tbd in Frameworks */,
				C484574D1FB55EAE00EC9FE7 /* IJKMediaFramework.framework in Frameworks */,
				018A4C6451214E719FBAF129 /* libz.tbd in Frameworks */,
				C48457081FB5509B00EC9FE7 /* AVFoundation.framework in Frameworks */,
				C48457091FB550A000EC9FE7 /* CoreGraphics.framework in Frameworks */,
				301BF552109A68D80062928A /* libCordova.a in Frameworks */,
				5EE19FB2F2C14806BD605175 /* AudioToolbox.framework in Frameworks */,
				C484570D1FB550E300EC9FE7 /* CoreVideo.framework in Frameworks */,
				C484570B1FB550D600EC9FE7 /* CoreMedia.framework in Frameworks */,
				C48457111FB5510E00EC9FE7 /* MediaPlayer.framework in Frameworks */,
				C48457151FB5512A00EC9FE7 /* OpenGLES.framework in Frameworks */,
				C48457131FB5511E00EC9FE7 /* MobileCoreServices.framework in Frameworks */,
				C48457191FB5513F00EC9FE7 /* UIKit.framework in Frameworks */,
				C48457171FB5513400EC9FE7 /* QuartzCore.framework in Frameworks */,
				C484571B1FB5514A00EC9FE7 /* VideoToolbox.framework in Frameworks */,
				C484570F1FB550F600EC9FE7 /* libbz2.tbd in Frameworks */,
			);
			runOnlyForDeploymentPostprocessing = 0;
		};
/* End PBXFrameworksBuildPhase section */

/* Begin PBXGroup section */
		080E96DDFE201D6D7F000001 /* Classes */ = {
			isa = PBXGroup;
			children = (
				302D95EE14D2391D003F00A1 /* MainViewController.h */,
				302D95EF14D2391D003F00A1 /* MainViewController.m */,
				302D95F014D2391D003F00A1 /* MainViewController.xib */,
				1D3623240D0F684500981E51 /* AppDelegate.h */,
				1D3623250D0F684500981E51 /* AppDelegate.m */,
			);
			name = Classes;
			path = testproject/Classes;
			sourceTree = SOURCE_ROOT;
		};
		19C28FACFE9D520D11CA2CBB /* Products */ = {
			isa = PBXGroup;
			children = (
				1D6058910D05DD3D006BFB54 /* testproject.app */,
			);
			name = Products;
			sourceTree = "<group>";
		};
		29B97314FDCFA39411CA2CEA /* CustomTemplate */ = {
			isa = PBXGroup;
			children = (
				C48456DE1FB5429100EC9FE7 /* IJKMediaPlayer.xcodeproj */,
				EB87FDF41871DAF40020F90C /* config.xml */,
				EB87FDF31871DA8E0020F90C /* www */,
				EB87FDF11871DA420020F90C /* Staging */,
				301BF52D109A57CC0062928A /* CordovaLib/CordovaLib.xcodeproj */,
				080E96DDFE201D6D7F000001 /* Classes */,
				307C750510C5A3420062BCA9 /* Plugins */,
				29B97315FDCFA39411CA2CEA /* Other Sources */,
				29B97317FDCFA39411CA2CEA /* Resources */,
				29B97323FDCFA39411CA2CEA /* Frameworks */,
				19C28FACFE9D520D11CA2CBB /* Products */,
			);
			name = CustomTemplate;
			sourceTree = "<group>";
		};
		29B97315FDCFA39411CA2CEA /* Other Sources */ = {
			isa = PBXGroup;
			children = (
				32CA4F630368D1EE00C91783 /* testproject-Prefix.pch */,
				29B97316FDCFA39411CA2CEA /* main.m */,
				ED33DF2A687741AEAF9F8254 /* Bridging-Header.h */,
			);
			name = "Other Sources";
			path = testproject;
			sourceTree = "<group>";
		};
		29B97317FDCFA39411CA2CEA /* Resources */ = {
			isa = PBXGroup;
			children = (
				0207DA571B56EA530066E2B4 /* Images.xcassets */,
				3047A50E1AB8057F00498E2A /* config */,
				8D1107310486CEB800E47090 /* testproject-Info.plist */,
				6AFF5BF81D6E424B00AB3073 /* CDVLaunchScreen.storyboard */,
				F15FA7C9486B4974BAF1265E /* CDVNotification.bundle */,
			);
			name = Resources;
			path = testproject/Resources;
			sourceTree = "<group>";
		};
		29B97323FDCFA39411CA2CEA /* Frameworks */ = {
			isa = PBXGroup;
			children = (
				C484574E1FB5600F00EC9FE7 /* libstdc++.tbd */,
				C484571A1FB5514800EC9FE7 /* VideoToolbox.framework */,
				C48457181FB5513D00EC9FE7 /* UIKit.framework */,
				C48457161FB5513200EC9FE7 /* QuartzCore.framework */,
				C48457141FB5512700EC9FE7 /* OpenGLES.framework */,
				C48457121FB5511B00EC9FE7 /* MobileCoreServices.framework */,
				C48457101FB5510900EC9FE7 /* MediaPlayer.framework */,
				C484570E1FB550F600EC9FE7 /* libbz2.tbd */,
				C484570C1FB550E000EC9FE7 /* CoreVideo.framework */,
				C484570A1FB550CF00EC9FE7 /* CoreMedia.framework */,
				C48457071FB5508900EC9FE7 /* CoreGraphics.framework */,
				C48457021FB5507F00EC9FE7 /* AVFoundation.framework */,
				A9AB561D58924018A752E5C0 /* libz.tbd */,
				EE2125A3BEFD437A85BEE9CA /* AudioToolbox.framework */,
			);
			name = Frameworks;
			sourceTree = "<group>";
		};
		301BF52E109A57CC0062928A /* Products */ = {
			isa = PBXGroup;
			children = (
				301BF535109A57CC0062928A /* libCordova.a */,
				C48456DD1FB5413600EC9FE7 /* Cordova.framework */,
			);
			name = Products;
			sourceTree = "<group>";
		};
		3047A50E1AB8057F00498E2A /* config */ = {
			isa = PBXGroup;
			children = (
				3047A50F1AB8059700498E2A /* build-debug.xcconfig */,
				3047A5101AB8059700498E2A /* build-release.xcconfig */,
				3047A5111AB8059700498E2A /* build.xcconfig */,
			);
			name = config;
			sourceTree = "<group>";
		};
		307C750510C5A3420062BCA9 /* Plugins */ = {
			isa = PBXGroup;
			children = (
				C48456EC1FB5476E00EC9FE7 /* cordova-plugin-ijkplayer */,
				0D77FF64E5F44757963A2D6E /* CDVLogger.m */,
				B1EE010223924A75AC2F5842 /* CDVLogger.h */,
				F9F95D55B54D4830B1A4F8C1 /* CDVDevice.m */,
				8E822C2B5D6E494FACD3E962 /* CDVDevice.h */,
				5D79972A951040CABDC3E317 /* CDVNotification.m */,
				10C5E2C586D74DD98A871309 /* CDVNotification.h */,
			);
			name = Plugins;
			path = testproject/Plugins;
			sourceTree = SOURCE_ROOT;
		};
		C48456DF1FB5429100EC9FE7 /* Products */ = {
			isa = PBXGroup;
			children = (
				C48456E51FB5429100EC9FE7 /* IJKMediaFramework.framework */,
				C48456E71FB5429100EC9FE7 /* IJKMediaFrameworkWithSSL.framework */,
				C48456E91FB5429100EC9FE7 /* IJKMediaFrameworkTests.xctest */,
			);
			name = Products;
			sourceTree = "<group>";
		};
		C48456EC1FB5476E00EC9FE7 /* cordova-plugin-ijkplayer */ = {
			isa = PBXGroup;
			children = (
				C41AD3081FEA221700A0BC9F /* IJKPlayer.h */,
				C48457541FB5767F00EC9FE7 /* MoviePlayerImages.xcassets */,
				C48457521FB56BF200EC9FE7 /* IJKMediaControl.h */,
				C48457511FB56BF200EC9FE7 /* IJKMediaControl.m */,
				C48457261FB5599C00EC9FE7 /* IJKMoviePlayerViewController.h */,
				C48457211FB5599C00EC9FE7 /* IJKMoviePlayerViewController.m */,
				C48457271FB5599C00EC9FE7 /* IJKMoviePlayerViewController.xib */,
				C48456F41FB547BA00EC9FE7 /* IJKPlayer.m */,
				C45D22891FBA7BAF0037A0EF /* View.xib */,
				C47AFB9E1FD6384C00BCB750 /* IJKAudioPlayerCrontroller.m */,
				C47AFBA31FD6386700BCB750 /* IJKAudioPlayerController.h */,
			);
			path = "cordova-plugin-ijkplayer";
			sourceTree = "<group>";
		};
		EB87FDF11871DA420020F90C /* Staging */ = {
			isa = PBXGroup;
			children = (
				F840E1F0165FE0F500CFE078 /* config.xml */,
				301BF56E109A69640062928A /* www */,
			);
			name = Staging;
			sourceTree = "<group>";
		};
/* End PBXGroup section */

/* Begin PBXNativeTarget section */
		1D6058900D05DD3D006BFB54 /* testproject */ = {
			isa = PBXNativeTarget;
			buildConfigurationList = 1D6058960D05DD3E006BFB54 /* Build configuration list for PBXNativeTarget "testproject" */;
			buildPhases = (
				304B58A110DAC018002A0835 /* Copy www directory */,
				1D60588D0D05DD3D006BFB54 /* Resources */,
				1D60588E0D05DD3D006BFB54 /* Sources */,
				1D60588F0D05DD3D006BFB54 /* Frameworks */,
			);
			buildRules = (
			);
			dependencies = (
				C48457481FB55EA400EC9FE7 /* PBXTargetDependency */,
				301BF551109A68C00062928A /* PBXTargetDependency */,
			);
			name = testproject;
			productName = testproject;
			productReference = 1D6058910D05DD3D006BFB54 /* testproject.app */;
			productType = "com.apple.product-type.application";
		};
/* End PBXNativeTarget section */

/* Begin PBXProject section */
		29B97313FDCFA39411CA2CEA /* Project object */ = {
			isa = PBXProject;
			attributes = {
				LastUpgradeCheck = 510;
				TargetAttributes = {
					1D6058900D05DD3D006BFB54 = {
						DevelopmentTeam = 6TB722AT4R;
					};
				};
			};
			buildConfigurationList = C01FCF4E08A954540054247B /* Build configuration list for PBXProject "testproject" */;
			compatibilityVersion = "Xcode 3.2";
			developmentRegion = English;
			hasScannedForEncodings = 1;
			knownRegions = (
				en,
			);
			mainGroup = 29B97314FDCFA39411CA2CEA /* CustomTemplate */;
			projectDirPath = "";
			projectReferences = (
				{
					ProductGroup = 301BF52E109A57CC0062928A /* Products */;
					ProjectRef = 301BF52D109A57CC0062928A /* CordovaLib/CordovaLib.xcodeproj */;
				},
				{
					ProductGroup = C48456DF1FB5429100EC9FE7 /* Products */;
					ProjectRef = C48456DE1FB5429100EC9FE7 /* IJKMediaPlayer.xcodeproj */;
				},
			);
			projectRoot = "";
			targets = (
				1D6058900D05DD3D006BFB54 /* testproject */,
			);
		};
/* End PBXProject section */

/* Begin PBXReferenceProxy section */
		301BF535109A57CC0062928A /* libCordova.a */ = {
			isa = PBXReferenceProxy;
			fileType = archive.ar;
			path = libCordova.a;
			remoteRef = 301BF534109A57CC0062928A /* PBXContainerItemProxy */;
			sourceTree = BUILT_PRODUCTS_DIR;
		};
		C48456DD1FB5413600EC9FE7 /* Cordova.framework */ = {
			isa = PBXReferenceProxy;
			fileType = wrapper.framework;
			path = Cordova.framework;
			remoteRef = C48456DC1FB5413600EC9FE7 /* PBXContainerItemProxy */;
			sourceTree = BUILT_PRODUCTS_DIR;
		};
		C48456E51FB5429100EC9FE7 /* IJKMediaFramework.framework */ = {
			isa = PBXReferenceProxy;
			fileType = wrapper.framework;
			path = IJKMediaFramework.framework;
			remoteRef = C48456E41FB5429100EC9FE7 /* PBXContainerItemProxy */;
			sourceTree = BUILT_PRODUCTS_DIR;
		};
		C48456E71FB5429100EC9FE7 /* IJKMediaFrameworkWithSSL.framework */ = {
			isa = PBXReferenceProxy;
			fileType = wrapper.framework;
			path = IJKMediaFrameworkWithSSL.framework;
			remoteRef = C48456E61FB5429100EC9FE7 /* PBXContainerItemProxy */;
			sourceTree = BUILT_PRODUCTS_DIR;
		};
		C48456E91FB5429100EC9FE7 /* IJKMediaFrameworkTests.xctest */ = {
			isa = PBXReferenceProxy;
			fileType = wrapper.cfbundle;
			path = IJKMediaFrameworkTests.xctest;
			remoteRef = C48456E81FB5429100EC9FE7 /* PBXContainerItemProxy */;
			sourceTree = BUILT_PRODUCTS_DIR;
		};
/* End PBXReferenceProxy section */

/* Begin PBXResourcesBuildPhase section */
		1D60588D0D05DD3D006BFB54 /* Resources */ = {
			isa = PBXResourcesBuildPhase;
			buildActionMask = 2147483647;
			files = (
				C45D228A1FBA7BAF0037A0EF /* View.xib in Resources */,
				C48457291FB5599D00EC9FE7 /* IJKMoviePlayerViewController.xib in Resources */,
				C48457551FB5767F00EC9FE7 /* MoviePlayerImages.xcassets in Resources */,
				302D95F214D2391D003F00A1 /* MainViewController.xib in Resources */,
				0207DA581B56EA530066E2B4 /* Images.xcassets in Resources */,
				6AFF5BF91D6E424B00AB3073 /* CDVLaunchScreen.storyboard in Resources */,
				B5086506D1334134B885D0E7 /* CDVNotification.bundle in Resources */,
			);
			runOnlyForDeploymentPostprocessing = 0;
		};
/* End PBXResourcesBuildPhase section */

/* Begin PBXShellScriptBuildPhase section */
		304B58A110DAC018002A0835 /* Copy www directory */ = {
			isa = PBXShellScriptBuildPhase;
			buildActionMask = 2147483647;
			files = (
			);
			inputPaths = (
			);
			name = "Copy www directory";
			outputPaths = (
			);
			runOnlyForDeploymentPostprocessing = 0;
			shellPath = /bin/sh;
			shellScript = "NODEJS_PATH=/usr/local/bin; NVM_NODE_PATH=~/.nvm/versions/node/`nvm version 2>/dev/null`/bin; N_NODE_PATH=`find /usr/local/n/versions/node/* -maxdepth 0 -type d 2>/dev/null | tail -1`/bin; XCODE_NODE_PATH=`xcode-select --print-path`/usr/share/xcs/Node/bin; PATH=$NODEJS_PATH:$NVM_NODE_PATH:$N_NODE_PATH:$XCODE_NODE_PATH:$PATH && node cordova/lib/copy-www-build-step.js";
			showEnvVarsInLog = 0;
		};
/* End PBXShellScriptBuildPhase section */

/* Begin PBXSourcesBuildPhase section */
		1D60588E0D05DD3D006BFB54 /* Sources */ = {
			isa = PBXSourcesBuildPhase;
			buildActionMask = 2147483647;
			files = (
				C48457531FB56BF200EC9FE7 /* IJKMediaControl.m in Sources */,
				C47AFB9F1FD6384C00BCB750 /* IJKAudioPlayerCrontroller.m in Sources */,
				1D60589B0D05DD56006BFB54 /* main.m in Sources */,
				1D3623260D0F684500981E51 /* AppDelegate.m in Sources */,
				302D95F114D2391D003F00A1 /* MainViewController.m in Sources */,
				C48457281FB5599D00EC9FE7 /* IJKMoviePlayerViewController.m in Sources */,
				C48456F61FB547BA00EC9FE7 /* IJKPlayer.m in Sources */,
				5F65EF875BFA45AFAFD672B7 /* CDVLogger.m in Sources */,
				1990DDF2A0C5456F86BF1142 /* CDVDevice.m in Sources */,
				5F45ED8819F74FBDA9B11A7C /* CDVNotification.m in Sources */,
			);
			runOnlyForDeploymentPostprocessing = 0;
		};
/* End PBXSourcesBuildPhase section */

/* Begin PBXTargetDependency section */
		301BF551109A68C00062928A /* PBXTargetDependency */ = {
			isa = PBXTargetDependency;
			name = CordovaLib;
			targetProxy = 301BF550109A68C00062928A /* PBXContainerItemProxy */;
		};
		C48457481FB55EA400EC9FE7 /* PBXTargetDependency */ = {
			isa = PBXTargetDependency;
			name = IJKMediaFramework;
			targetProxy = C48457471FB55EA400EC9FE7 /* PBXContainerItemProxy */;
		};
/* End PBXTargetDependency section */

/* Begin XCBuildConfiguration section */
		1D6058940D05DD3E006BFB54 /* Debug */ = {
			isa = XCBuildConfiguration;
			baseConfigurationReference = 3047A50F1AB8059700498E2A /* build-debug.xcconfig */;
			buildSettings = {
				ALWAYS_SEARCH_USER_PATHS = NO;
				ASSETCATALOG_COMPILER_APPICON_NAME = AppIcon;
				ASSETCATALOG_COMPILER_LAUNCHIMAGE_NAME = LaunchImage;
				CLANG_ENABLE_MODULES = YES;
				CLANG_ENABLE_OBJC_ARC = YES;
				COPY_PHASE_STRIP = NO;
				DEVELOPMENT_TEAM = 6TB722AT4R;
				GCC_DYNAMIC_NO_PIC = NO;
				GCC_OPTIMIZATION_LEVEL = 0;
				GCC_PRECOMPILE_PREFIX_HEADER = YES;
				GCC_PREFIX_HEADER = "testproject/testproject-Prefix.pch";
				GCC_THUMB_SUPPORT = NO;
				GCC_VERSION = "";
				INFOPLIST_FILE = "testproject/testproject-Info.plist";
				IPHONEOS_DEPLOYMENT_TARGET = 9.0;
				LD_RUNPATH_SEARCH_PATHS = "@executable_path/Frameworks";
				PRODUCT_NAME = testproject;
				TARGETED_DEVICE_FAMILY = "1,2";
			};
			name = Debug;
		};
		1D6058950D05DD3E006BFB54 /* Release */ = {
			isa = XCBuildConfiguration;
			baseConfigurationReference = 3047A5101AB8059700498E2A /* build-release.xcconfig */;
			buildSettings = {
				ALWAYS_SEARCH_USER_PATHS = NO;
				ASSETCATALOG_COMPILER_APPICON_NAME = AppIcon;
				ASSETCATALOG_COMPILER_LAUNCHIMAGE_NAME = LaunchImage;
				CLANG_ENABLE_MODULES = YES;
				CLANG_ENABLE_OBJC_ARC = YES;
				COPY_PHASE_STRIP = YES;
				DEVELOPMENT_TEAM = 6TB722AT4R;
				GCC_PRECOMPILE_PREFIX_HEADER = YES;
				GCC_PREFIX_HEADER = "testproject/testproject-Prefix.pch";
				GCC_THUMB_SUPPORT = NO;
				GCC_VERSION = "";
				INFOPLIST_FILE = "testproject/testproject-Info.plist";
				IPHONEOS_DEPLOYMENT_TARGET = 9.0;
				LD_RUNPATH_SEARCH_PATHS = "@executable_path/Frameworks";
				PRODUCT_NAME = testproject;
				TARGETED_DEVICE_FAMILY = "1,2";
			};
			name = Release;
		};
		C01FCF4F08A954540054247B /* Debug */ = {
			isa = XCBuildConfiguration;
			baseConfigurationReference = 3047A5111AB8059700498E2A /* build.xcconfig */;
			buildSettings = {
				CLANG_ENABLE_MODULES = YES;
				CLANG_ENABLE_OBJC_ARC = YES;
				CLANG_WARN_BOOL_CONVERSION = YES;
				CLANG_WARN_CONSTANT_CONVERSION = YES;
				CLANG_WARN_EMPTY_BODY = YES;
				CLANG_WARN_ENUM_CONVERSION = YES;
				CLANG_WARN_INT_CONVERSION = YES;
				CLANG_WARN__DUPLICATE_METHOD_MATCH = YES;
				GCC_C_LANGUAGE_STANDARD = c99;
				GCC_THUMB_SUPPORT = NO;
				GCC_VERSION = "";
				GCC_WARN_ABOUT_RETURN_TYPE = YES;
				GCC_WARN_UNDECLARED_SELECTOR = YES;
				GCC_WARN_UNINITIALIZED_AUTOS = YES;
				GCC_WARN_UNUSED_FUNCTION = YES;
				GCC_WARN_UNUSED_VARIABLE = YES;
				ONLY_ACTIVE_ARCH = YES;
				SDKROOT = iphoneos;
				SKIP_INSTALL = NO;
			};
			name = Debug;
		};
		C01FCF5008A954540054247B /* Release */ = {
			isa = XCBuildConfiguration;
			baseConfigurationReference = 3047A5111AB8059700498E2A /* build.xcconfig */;
			buildSettings = {
				CLANG_ENABLE_MODULES = YES;
				CLANG_ENABLE_OBJC_ARC = YES;
				CLANG_WARN_BOOL_CONVERSION = YES;
				CLANG_WARN_CONSTANT_CONVERSION = YES;
				CLANG_WARN_EMPTY_BODY = YES;
				CLANG_WARN_ENUM_CONVERSION = YES;
				CLANG_WARN_INT_CONVERSION = YES;
				CLANG_WARN__DUPLICATE_METHOD_MATCH = YES;
				GCC_C_LANGUAGE_STANDARD = c99;
				GCC_THUMB_SUPPORT = NO;
				GCC_VERSION = "";
				GCC_WARN_ABOUT_RETURN_TYPE = YES;
				GCC_WARN_UNDECLARED_SELECTOR = YES;
				GCC_WARN_UNINITIALIZED_AUTOS = YES;
				GCC_WARN_UNUSED_FUNCTION = YES;
				GCC_WARN_UNUSED_VARIABLE = YES;
				SDKROOT = iphoneos;
				SKIP_INSTALL = NO;
			};
			name = Release;
		};
/* End XCBuildConfiguration section */

/* Begin XCConfigurationList section */
		1D6058960D05DD3E006BFB54 /* Build configuration list for PBXNativeTarget "testproject" */ = {
			isa = XCConfigurationList;
			buildConfigurations = (
				1D6058940D05DD3E006BFB54 /* Debug */,
				1D6058950D05DD3E006BFB54 /* Release */,
			);
			defaultConfigurationIsVisible = 0;
			defaultConfigurationName = Release;
		};
		C01FCF4E08A954540054247B /* Build configuration list for PBXProject "testproject" */ = {
			isa = XCConfigurationList;
			buildConfigurations = (
				C01FCF4F08A954540054247B /* Debug */,
				C01FCF5008A954540054247B /* Release */,
			);
			defaultConfigurationIsVisible = 0;
			defaultConfigurationName = Release;
		};
/* End XCConfigurationList section */
	};
	rootObject = 29B97313FDCFA39411CA2CEA /* Project object */;
}
